
Microsoft Visual Studio Solution File, Format Version 12.00
# Visual Studio 2013
VisualStudioVersion = 12.0.31101.0
MinimumVisualStudioVersion = 10.0.40219.1
Project("{FAE04EC0-301F-11D3-BF4B-00C04F79EFBC}") = "MinionConfigurationExtension", "wix\MinionConfigurationExtension\MinionConfigurationExtension.csproj", "{BA2A4D99-7701-4AC5-A43C-4DD456D158B9}"
EndProject
Project("{930C7802-8A8C-48F9-8165-68863BCCD9DD}") = "MinionMSI", "wix\MinionMSI\MinionMSI.wixproj", "{A48B4B19-4787-4C37-984B-64E5F557F687}"
EndProject
Project("{930C7802-8A8C-48F9-8165-68863BCCD9DD}") = "MinionEXE", "wix\MinionEXE\MinionEXE.wixproj", "{5257C9D8-3610-4568-A145-D8F461283636}"
EndProject
Global
	GlobalSection(SolutionConfigurationPlatforms) = preSolution
		Debug|amd64 = Debug|amd64
		Debug|win32 = Debug|win32
		Release|amd64 = Release|amd64
		Release|win32 = Release|win32
	EndGlobalSection
	GlobalSection(ProjectConfigurationPlatforms) = postSolution
		{BA2A4D99-7701-4AC5-A43C-4DD456D158B9}.Debug|amd64.ActiveCfg = Debug|x86
		{BA2A4D99-7701-4AC5-A43C-4DD456D158B9}.Debug|amd64.Build.0 = Debug|x86
		{BA2A4D99-7701-4AC5-A43C-4DD456D158B9}.Debug|win32.ActiveCfg = Debug|x86
		{BA2A4D99-7701-4AC5-A43C-4DD456D158B9}.Debug|win32.Build.0 = Debug|x86
		{BA2A4D99-7701-4AC5-A43C-4DD456D158B9}.Release|amd64.ActiveCfg = Release|x86
		{BA2A4D99-7701-4AC5-A43C-4DD456D158B9}.Release|amd64.Build.0 = Release|x86
		{BA2A4D99-7701-4AC5-A43C-4DD456D158B9}.Release|win32.ActiveCfg = Release|x86
		{BA2A4D99-7701-4AC5-A43C-4DD456D158B9}.Release|win32.Build.0 = Release|x86
		{A48B4B19-4787-4C37-984B-64E5F557F687}.Debug|amd64.ActiveCfg = Debug|x86
		{A48B4B19-4787-4C37-984B-64E5F557F687}.Debug|amd64.Build.0 = Debug|x86
		{A48B4B19-4787-4C37-984B-64E5F557F687}.Debug|win32.ActiveCfg = Debug|x86
		{A48B4B19-4787-4C37-984B-64E5F557F687}.Debug|win32.Build.0 = Debug|x86
		{A48B4B19-4787-4C37-984B-64E5F557F687}.Release|amd64.ActiveCfg = Release|x64
		{A48B4B19-4787-4C37-984B-64E5F557F687}.Release|amd64.Build.0 = Release|x64
		{A48B4B19-4787-4C37-984B-64E5F557F687}.Release|win32.ActiveCfg = Release|x86
		{A48B4B19-4787-4C37-984B-64E5F557F687}.Release|win32.Build.0 = Release|x86
		{5257C9D8-3610-4568-A145-D8F461283636}.Debug|amd64.ActiveCfg = Debug|x86
		{5257C9D8-3610-4568-A145-D8F461283636}.Debug|amd64.Build.0 = Debug|x86
		{5257C9D8-3610-4568-A145-D8F461283636}.Debug|win32.ActiveCfg = Debug|x86
		{5257C9D8-3610-4568-A145-D8F461283636}.Debug|win32.Build.0 = Debug|x86
		{5257C9D8-3610-4568-A145-D8F461283636}.Release|amd64.ActiveCfg = Release|x64
		{5257C9D8-3610-4568-A145-D8F461283636}.Release|amd64.Build.0 = Release|x64
		{5257C9D8-3610-4568-A145-D8F461283636}.Release|win32.ActiveCfg = Release|x86
		{5257C9D8-3610-4568-A145-D8F461283636}.Release|win32.Build.0 = Release|x86
	EndGlobalSection
	GlobalSection(SolutionProperties) = preSolution
		HideSolutionNode = FALSE
	EndGlobalSection
EndGlobal
